dependencies:
- name: cert-manager
  repository: https://charts.jetstack.io
  version: v1.13.0
- name: prometheus
  repository: https://prometheus-community.github.io/helm-charts
  version: 25.8.0
- name: grafana
  repository: https://grafana.github.io/helm-charts
  version: 7.1.0
digest: sha256:78f8f903fb9da17403667a010bd5298a5443c37cd529d3af3d9fdb94bd23250b
generated: "2025-04-30T15:20:58.379885+05:30"
